{
  "pins" : [
    {
      "identity" : "adison-offerwall-ios-sdk",
      "kind" : "remoteSourceControl",
      "location" : "https://github.com/adison-ads/adison-offerwall-ios-sdk",
      "state" : {
        "revision" : "7ea7b36609a65badf21f2908172ba791a5b343bb",
        "version" : "3.1.50"
      }
    }
  ],
  "version" : 2
}
